
Microsoft Visual Studio Solution File, Format Version 12.00
# Visual Studio Version 17
VisualStudioVersion = 17.5.33516.290
MinimumVisualStudioVersion = 10.0.40219.1
Project("{FAE04EC0-301F-11D3-BF4B-00C04F79EFBC}") = "M1S09 Criar modelos e contexto", "M1S09 Criar modelos e contexto\M1S09 Criar modelos e contexto.csproj", "{E5F2528D-99A4-4C7F-BBD4-489F2AFA0EC1}"
EndProject
Global
	GlobalSection(SolutionConfigurationPlatforms) = preSolution
		Debug|Any CPU = Debug|Any CPU
		Release|Any CPU = Release|Any CPU
	EndGlobalSection
	GlobalSection(ProjectConfigurationPlatforms) = postSolution
		{E5F2528D-99A4-4C7F-BBD4-489F2AFA0EC1}.Debug|Any CPU.ActiveCfg = Debug|Any CPU
		{E5F2528D-99A4-4C7F-BBD4-489F2AFA0EC1}.Debug|Any CPU.Build.0 = Debug|Any CPU
		{E5F2528D-99A4-4C7F-BBD4-489F2AFA0EC1}.Release|Any CPU.ActiveCfg = Release|Any CPU
		{E5F2528D-99A4-4C7F-BBD4-489F2AFA0EC1}.Release|Any CPU.Build.0 = Release|Any CPU
	EndGlobalSection
	GlobalSection(SolutionProperties) = preSolution
		HideSolutionNode = FALSE
	EndGlobalSection
	GlobalSection(ExtensibilityGlobals) = postSolution
		SolutionGuid = {B01DD232-3AB9-40E1-BCB5-AC71F41A7C32}
	EndGlobalSection
EndGlobal
