
Microsoft Visual Studio Solution File, Format Version 12.00
# Visual Studio Version 17
VisualStudioVersion = 17.4.33213.308
MinimumVisualStudioVersion = 10.0.40219.1
Project("{FAE04EC0-301F-11D3-BF4B-00C04F79EFBC}") = "Exercicio4S4", "Exercicio4S4\Exercicio4S4.csproj", "{B285C47D-C29C-4DD8-9483-18620C507FBD}"
EndProject
Global
	GlobalSection(SolutionConfigurationPlatforms) = preSolution
		Debug|Any CPU = Debug|Any CPU
		Release|Any CPU = Release|Any CPU
	EndGlobalSection
	GlobalSection(ProjectConfigurationPlatforms) = postSolution
		{B285C47D-C29C-4DD8-9483-18620C507FBD}.Debug|Any CPU.ActiveCfg = Debug|Any CPU
		{B285C47D-C29C-4DD8-9483-18620C507FBD}.Debug|Any CPU.Build.0 = Debug|Any CPU
		{B285C47D-C29C-4DD8-9483-18620C507FBD}.Release|Any CPU.ActiveCfg = Release|Any CPU
		{B285C47D-C29C-4DD8-9483-18620C507FBD}.Release|Any CPU.Build.0 = Release|Any CPU
	EndGlobalSection
	GlobalSection(SolutionProperties) = preSolution
		HideSolutionNode = FALSE
	EndGlobalSection
	GlobalSection(ExtensibilityGlobals) = postSolution
		SolutionGuid = {BA00A0BA-894F-4493-B04B-E7804758787D}
	EndGlobalSection
EndGlobal
