
Microsoft Visual Studio Solution File, Format Version 12.00
# Visual Studio Version 17
VisualStudioVersion = 17.5.33516.290
MinimumVisualStudioVersion = 10.0.40219.1
Project("{FAE04EC0-301F-11D3-BF4B-00C04F79EFBC}") = "M1S09 Modelo Database First", "M1S09 Modelo Database First\M1S09 Modelo Database First.csproj", "{DE47DD43-B197-4736-B80F-76C20B113ABB}"
EndProject
Global
	GlobalSection(SolutionConfigurationPlatforms) = preSolution
		Debug|Any CPU = Debug|Any CPU
		Release|Any CPU = Release|Any CPU
	EndGlobalSection
	GlobalSection(ProjectConfigurationPlatforms) = postSolution
		{DE47DD43-B197-4736-B80F-76C20B113ABB}.Debug|Any CPU.ActiveCfg = Debug|Any CPU
		{DE47DD43-B197-4736-B80F-76C20B113ABB}.Debug|Any CPU.Build.0 = Debug|Any CPU
		{DE47DD43-B197-4736-B80F-76C20B113ABB}.Release|Any CPU.ActiveCfg = Release|Any CPU
		{DE47DD43-B197-4736-B80F-76C20B113ABB}.Release|Any CPU.Build.0 = Release|Any CPU
	EndGlobalSection
	GlobalSection(SolutionProperties) = preSolution
		HideSolutionNode = FALSE
	EndGlobalSection
	GlobalSection(ExtensibilityGlobals) = postSolution
		SolutionGuid = {6C242E6B-79A7-4A0B-B29B-4E5C312EA0E8}
	EndGlobalSection
EndGlobal
