
Microsoft Visual Studio Solution File, Format Version 12.00
# Visual Studio Version 17
VisualStudioVersion = 17.5.33516.290
MinimumVisualStudioVersion = 10.0.40219.1
Project("{FAE04EC0-301F-11D3-BF4B-00C04F79EFBC}") = "M1S09 ExercicioBercario", "M1S09 ExercicioBercario\M1S09 ExercicioBercario.csproj", "{599F2E8A-702A-45DD-9E74-51BFDB1610FC}"
EndProject
Global
	GlobalSection(SolutionConfigurationPlatforms) = preSolution
		Debug|Any CPU = Debug|Any CPU
		Release|Any CPU = Release|Any CPU
	EndGlobalSection
	GlobalSection(ProjectConfigurationPlatforms) = postSolution
		{599F2E8A-702A-45DD-9E74-51BFDB1610FC}.Debug|Any CPU.ActiveCfg = Debug|Any CPU
		{599F2E8A-702A-45DD-9E74-51BFDB1610FC}.Debug|Any CPU.Build.0 = Debug|Any CPU
		{599F2E8A-702A-45DD-9E74-51BFDB1610FC}.Release|Any CPU.ActiveCfg = Release|Any CPU
		{599F2E8A-702A-45DD-9E74-51BFDB1610FC}.Release|Any CPU.Build.0 = Release|Any CPU
	EndGlobalSection
	GlobalSection(SolutionProperties) = preSolution
		HideSolutionNode = FALSE
	EndGlobalSection
	GlobalSection(ExtensibilityGlobals) = postSolution
		SolutionGuid = {C5E548CC-D482-40F6-BEA5-C993628D4236}
	EndGlobalSection
EndGlobal
