
Microsoft Visual Studio Solution File, Format Version 12.00
# Visual Studio Version 17
VisualStudioVersion = 17.4.33213.308
MinimumVisualStudioVersion = 10.0.40219.1
Project("{FAE04EC0-301F-11D3-BF4B-00C04F79EFBC}") = "EXERCICIO2", "EXERCICIO2\EXERCICIO2.csproj", "{53D06395-D42B-45C9-AC57-7561AF6021D1}"
EndProject
Global
	GlobalSection(SolutionConfigurationPlatforms) = preSolution
		Debug|Any CPU = Debug|Any CPU
		Release|Any CPU = Release|Any CPU
	EndGlobalSection
	GlobalSection(ProjectConfigurationPlatforms) = postSolution
		{53D06395-D42B-45C9-AC57-7561AF6021D1}.Debug|Any CPU.ActiveCfg = Debug|Any CPU
		{53D06395-D42B-45C9-AC57-7561AF6021D1}.Debug|Any CPU.Build.0 = Debug|Any CPU
		{53D06395-D42B-45C9-AC57-7561AF6021D1}.Release|Any CPU.ActiveCfg = Release|Any CPU
		{53D06395-D42B-45C9-AC57-7561AF6021D1}.Release|Any CPU.Build.0 = Release|Any CPU
	EndGlobalSection
	GlobalSection(SolutionProperties) = preSolution
		HideSolutionNode = FALSE
	EndGlobalSection
	GlobalSection(ExtensibilityGlobals) = postSolution
		SolutionGuid = {F09831EA-0282-4A22-8DBE-243C78030A01}
	EndGlobalSection
EndGlobal
