
Microsoft Visual Studio Solution File, Format Version 12.00
# Visual Studio Version 17
VisualStudioVersion = 17.4.33213.308
MinimumVisualStudioVersion = 10.0.40219.1
Project("{FAE04EC0-301F-11D3-BF4B-00C04F79EFBC}") = "CalculadoraTdd", "CalculadoraTdd\CalculadoraTdd.csproj", "{50FD68BA-EC46-4EAF-B90E-9ACCC66FBADE}"
EndProject
Project("{FAE04EC0-301F-11D3-BF4B-00C04F79EFBC}") = "CalculadoraTddTest", "CalculadoraTddTest\CalculadoraTddTest.csproj", "{134BE8A9-075C-4D84-9288-8F6E39C968E8}"
EndProject
Global
	GlobalSection(SolutionConfigurationPlatforms) = preSolution
		Debug|Any CPU = Debug|Any CPU
		Release|Any CPU = Release|Any CPU
	EndGlobalSection
	GlobalSection(ProjectConfigurationPlatforms) = postSolution
		{50FD68BA-EC46-4EAF-B90E-9ACCC66FBADE}.Debug|Any CPU.ActiveCfg = Debug|Any CPU
		{50FD68BA-EC46-4EAF-B90E-9ACCC66FBADE}.Debug|Any CPU.Build.0 = Debug|Any CPU
		{50FD68BA-EC46-4EAF-B90E-9ACCC66FBADE}.Release|Any CPU.ActiveCfg = Release|Any CPU
		{50FD68BA-EC46-4EAF-B90E-9ACCC66FBADE}.Release|Any CPU.Build.0 = Release|Any CPU
		{134BE8A9-075C-4D84-9288-8F6E39C968E8}.Debug|Any CPU.ActiveCfg = Debug|Any CPU
		{134BE8A9-075C-4D84-9288-8F6E39C968E8}.Debug|Any CPU.Build.0 = Debug|Any CPU
		{134BE8A9-075C-4D84-9288-8F6E39C968E8}.Release|Any CPU.ActiveCfg = Release|Any CPU
		{134BE8A9-075C-4D84-9288-8F6E39C968E8}.Release|Any CPU.Build.0 = Release|Any CPU
	EndGlobalSection
	GlobalSection(SolutionProperties) = preSolution
		HideSolutionNode = FALSE
	EndGlobalSection
	GlobalSection(ExtensibilityGlobals) = postSolution
		SolutionGuid = {21A967DA-A655-491B-8772-577F0046907C}
	EndGlobalSection
EndGlobal
